
Microsoft Visual Studio Solution File, Format Version 12.00
# Visual Studio Version 17
VisualStudioVersion = 17.11.35303.130
MinimumVisualStudioVersion = 10.0.40219.1
Project("{2150E333-8FDC-42A3-9474-1A3956D46DE8}") = "Services", "Services", "{E1ECEBCE-EC8D-44C3-8E59-9CC40E01D523}"
EndProject
Project("{2150E333-8FDC-42A3-9474-1A3956D46DE8}") = "Catalog", "Catalog", "{BEF4AA0F-36E5-4B66-97B5-B30DAE74690E}"
EndProject
Project("{9A19103F-16F7-4668-BE54-9A1E7A4F7556}") = "Catalog.API", "Services\Catalog\Catalog.API\Catalog.API.csproj", "{D3697B61-4C8C-462D-88FB-FFEA10375938}"
EndProject
Project("{2150E333-8FDC-42A3-9474-1A3956D46DE8}") = "BuildingBlocks", "BuildingBlocks", "{FFAE2095-8F1A-4ABE-973F-0CF47EE3CDA9}"
EndProject
Project("{9A19103F-16F7-4668-BE54-9A1E7A4F7556}") = "BuildingBlocks", "BuildingBlocks\BuildingBlocks\BuildingBlocks.csproj", "{3BC2A7AA-434F-416E-9C23-21A203D7C163}"
EndProject
Project("{E53339B2-1760-4266-BCC7-CA923CBCF16C}") = "docker-compose", "docker-compose.dcproj", "{8C885F3F-7FC8-4364-A1D2-D4DCF3C9587A}"
EndProject
Project("{2150E333-8FDC-42A3-9474-1A3956D46DE8}") = "Basket", "Basket", "{85B20165-3CB5-4027-B337-974C9DA5396D}"
EndProject
Project("{9A19103F-16F7-4668-BE54-9A1E7A4F7556}") = "Basket.API", "Services\Basket\Basket.API\Basket.API.csproj", "{76F48C08-E4E1-462F-A7C1-C1DB04A9AD56}"
EndProject
Project("{2150E333-8FDC-42A3-9474-1A3956D46DE8}") = "Discount", "Discount", "{D8A07035-3FAA-401B-B23F-77574C7ACFD3}"
EndProject
Project("{9A19103F-16F7-4668-BE54-9A1E7A4F7556}") = "Discount.Grpc", "Services\Discount\Discount.Grpc\Discount.Grpc.csproj", "{4A829277-D7A9-407E-8BD5-6C67A0DC6D3A}"
EndProject
Project("{2150E333-8FDC-42A3-9474-1A3956D46DE8}") = "Ordering", "Ordering", "{EA3C93E4-E64D-42CB-8A0A-D8A196A11E45}"
EndProject
Project("{FAE04EC0-301F-11D3-BF4B-00C04F79EFBC}") = "Ordering.API", "Services\Ordering\Ordering.API\Ordering.API.csproj", "{05DD6420-40D6-4094-9E5F-2E5945FAB639}"
EndProject
Project("{FAE04EC0-301F-11D3-BF4B-00C04F79EFBC}") = "Ordering.Domain", "Services\Ordering\Ordering.Domain\Ordering.Domain.csproj", "{E62C197E-6AC1-4C59-8C3C-DCF1DC66CFD5}"
EndProject
Project("{FAE04EC0-301F-11D3-BF4B-00C04F79EFBC}") = "Ordering.Application", "Services\Ordering\Ordering.Application\Ordering.Application.csproj", "{A63A29F1-2D99-4EDE-B069-8FCA5BBD80E6}"
EndProject
Project("{FAE04EC0-301F-11D3-BF4B-00C04F79EFBC}") = "Ordering.Infrastructure", "Services\Ordering\Ordering.Infrastructure\Ordering.Infrastructure.csproj", "{D8784181-54B4-4D6D-A40A-8B76E7FFB3C0}"
EndProject
Project("{FAE04EC0-301F-11D3-BF4B-00C04F79EFBC}") = "BuildingBlocks.Messaging", "BuildingBlocks\BuildingBlocks.Messaging\BuildingBlocks.Messaging.csproj", "{8251AD60-886D-454B-AC96-D23554F1EE2C}"
EndProject
Project("{2150E333-8FDC-42A3-9474-1A3956D46DE8}") = "ApiGateways", "ApiGateways", "{CED27124-D319-414B-A4AB-8C38D4B4E808}"
EndProject
Project("{FAE04EC0-301F-11D3-BF4B-00C04F79EFBC}") = "YarpApiGateway", "ApiGateways\YarpApiGateway\YarpApiGateway.csproj", "{C0CB4BD2-2614-4060-A6F8-197266663D68}"
EndProject
Global
	GlobalSection(SolutionConfigurationPlatforms) = preSolution
		Debug|Any CPU = Debug|Any CPU
		Release|Any CPU = Release|Any CPU
	EndGlobalSection
	GlobalSection(ProjectConfigurationPlatforms) = postSolution
		{D3697B61-4C8C-462D-88FB-FFEA10375938}.Debug|Any CPU.ActiveCfg = Debug|Any CPU
		{D3697B61-4C8C-462D-88FB-FFEA10375938}.Debug|Any CPU.Build.0 = Debug|Any CPU
		{D3697B61-4C8C-462D-88FB-FFEA10375938}.Release|Any CPU.ActiveCfg = Release|Any CPU
		{D3697B61-4C8C-462D-88FB-FFEA10375938}.Release|Any CPU.Build.0 = Release|Any CPU
		{3BC2A7AA-434F-416E-9C23-21A203D7C163}.Debug|Any CPU.ActiveCfg = Debug|Any CPU
		{3BC2A7AA-434F-416E-9C23-21A203D7C163}.Debug|Any CPU.Build.0 = Debug|Any CPU
		{3BC2A7AA-434F-416E-9C23-21A203D7C163}.Release|Any CPU.ActiveCfg = Release|Any CPU
		{3BC2A7AA-434F-416E-9C23-21A203D7C163}.Release|Any CPU.Build.0 = Release|Any CPU
		{8C885F3F-7FC8-4364-A1D2-D4DCF3C9587A}.Debug|Any CPU.ActiveCfg = Debug|Any CPU
		{8C885F3F-7FC8-4364-A1D2-D4DCF3C9587A}.Debug|Any CPU.Build.0 = Debug|Any CPU
		{8C885F3F-7FC8-4364-A1D2-D4DCF3C9587A}.Release|Any CPU.ActiveCfg = Release|Any CPU
		{8C885F3F-7FC8-4364-A1D2-D4DCF3C9587A}.Release|Any CPU.Build.0 = Release|Any CPU
		{76F48C08-E4E1-462F-A7C1-C1DB04A9AD56}.Debug|Any CPU.ActiveCfg = Debug|Any CPU
		{76F48C08-E4E1-462F-A7C1-C1DB04A9AD56}.Debug|Any CPU.Build.0 = Debug|Any CPU
		{76F48C08-E4E1-462F-A7C1-C1DB04A9AD56}.Release|Any CPU.ActiveCfg = Release|Any CPU
		{76F48C08-E4E1-462F-A7C1-C1DB04A9AD56}.Release|Any CPU.Build.0 = Release|Any CPU
		{4A829277-D7A9-407E-8BD5-6C67A0DC6D3A}.Debug|Any CPU.ActiveCfg = Debug|Any CPU
		{4A829277-D7A9-407E-8BD5-6C67A0DC6D3A}.Debug|Any CPU.Build.0 = Debug|Any CPU
		{4A829277-D7A9-407E-8BD5-6C67A0DC6D3A}.Release|Any CPU.ActiveCfg = Release|Any CPU
		{4A829277-D7A9-407E-8BD5-6C67A0DC6D3A}.Release|Any CPU.Build.0 = Release|Any CPU
		{05DD6420-40D6-4094-9E5F-2E5945FAB639}.Debug|Any CPU.ActiveCfg = Debug|Any CPU
		{05DD6420-40D6-4094-9E5F-2E5945FAB639}.Debug|Any CPU.Build.0 = Debug|Any CPU
		{05DD6420-40D6-4094-9E5F-2E5945FAB639}.Release|Any CPU.ActiveCfg = Release|Any CPU
		{05DD6420-40D6-4094-9E5F-2E5945FAB639}.Release|Any CPU.Build.0 = Release|Any CPU
		{E62C197E-6AC1-4C59-8C3C-DCF1DC66CFD5}.Debug|Any CPU.ActiveCfg = Debug|Any CPU
		{E62C197E-6AC1-4C59-8C3C-DCF1DC66CFD5}.Debug|Any CPU.Build.0 = Debug|Any CPU
		{E62C197E-6AC1-4C59-8C3C-DCF1DC66CFD5}.Release|Any CPU.ActiveCfg = Release|Any CPU
		{E62C197E-6AC1-4C59-8C3C-DCF1DC66CFD5}.Release|Any CPU.Build.0 = Release|Any CPU
		{A63A29F1-2D99-4EDE-B069-8FCA5BBD80E6}.Debug|Any CPU.ActiveCfg = Debug|Any CPU
		{A63A29F1-2D99-4EDE-B069-8FCA5BBD80E6}.Debug|Any CPU.Build.0 = Debug|Any CPU
		{A63A29F1-2D99-4EDE-B069-8FCA5BBD80E6}.Release|Any CPU.ActiveCfg = Release|Any CPU
		{A63A29F1-2D99-4EDE-B069-8FCA5BBD80E6}.Release|Any CPU.Build.0 = Release|Any CPU
		{D8784181-54B4-4D6D-A40A-8B76E7FFB3C0}.Debug|Any CPU.ActiveCfg = Debug|Any CPU
		{D8784181-54B4-4D6D-A40A-8B76E7FFB3C0}.Debug|Any CPU.Build.0 = Debug|Any CPU
		{D8784181-54B4-4D6D-A40A-8B76E7FFB3C0}.Release|Any CPU.ActiveCfg = Release|Any CPU
		{D8784181-54B4-4D6D-A40A-8B76E7FFB3C0}.Release|Any CPU.Build.0 = Release|Any CPU
		{8251AD60-886D-454B-AC96-D23554F1EE2C}.Debug|Any CPU.ActiveCfg = Debug|Any CPU
		{8251AD60-886D-454B-AC96-D23554F1EE2C}.Debug|Any CPU.Build.0 = Debug|Any CPU
		{8251AD60-886D-454B-AC96-D23554F1EE2C}.Release|Any CPU.ActiveCfg = Release|Any CPU
		{8251AD60-886D-454B-AC96-D23554F1EE2C}.Release|Any CPU.Build.0 = Release|Any CPU
		{C0CB4BD2-2614-4060-A6F8-197266663D68}.Debug|Any CPU.ActiveCfg = Debug|Any CPU
		{C0CB4BD2-2614-4060-A6F8-197266663D68}.Debug|Any CPU.Build.0 = Debug|Any CPU
		{C0CB4BD2-2614-4060-A6F8-197266663D68}.Release|Any CPU.ActiveCfg = Release|Any CPU
		{C0CB4BD2-2614-4060-A6F8-197266663D68}.Release|Any CPU.Build.0 = Release|Any CPU
	EndGlobalSection
	GlobalSection(SolutionProperties) = preSolution
		HideSolutionNode = FALSE
	EndGlobalSection
	GlobalSection(NestedProjects) = preSolution
		{BEF4AA0F-36E5-4B66-97B5-B30DAE74690E} = {E1ECEBCE-EC8D-44C3-8E59-9CC40E01D523}
		{D3697B61-4C8C-462D-88FB-FFEA10375938} = {BEF4AA0F-36E5-4B66-97B5-B30DAE74690E}
		{3BC2A7AA-434F-416E-9C23-21A203D7C163} = {FFAE2095-8F1A-4ABE-973F-0CF47EE3CDA9}
		{85B20165-3CB5-4027-B337-974C9DA5396D} = {E1ECEBCE-EC8D-44C3-8E59-9CC40E01D523}
		{76F48C08-E4E1-462F-A7C1-C1DB04A9AD56} = {85B20165-3CB5-4027-B337-974C9DA5396D}
		{D8A07035-3FAA-401B-B23F-77574C7ACFD3} = {E1ECEBCE-EC8D-44C3-8E59-9CC40E01D523}
		{4A829277-D7A9-407E-8BD5-6C67A0DC6D3A} = {D8A07035-3FAA-401B-B23F-77574C7ACFD3}
		{EA3C93E4-E64D-42CB-8A0A-D8A196A11E45} = {E1ECEBCE-EC8D-44C3-8E59-9CC40E01D523}
		{05DD6420-40D6-4094-9E5F-2E5945FAB639} = {EA3C93E4-E64D-42CB-8A0A-D8A196A11E45}
		{E62C197E-6AC1-4C59-8C3C-DCF1DC66CFD5} = {EA3C93E4-E64D-42CB-8A0A-D8A196A11E45}
		{A63A29F1-2D99-4EDE-B069-8FCA5BBD80E6} = {EA3C93E4-E64D-42CB-8A0A-D8A196A11E45}
		{D8784181-54B4-4D6D-A40A-8B76E7FFB3C0} = {EA3C93E4-E64D-42CB-8A0A-D8A196A11E45}
		{8251AD60-886D-454B-AC96-D23554F1EE2C} = {FFAE2095-8F1A-4ABE-973F-0CF47EE3CDA9}
		{C0CB4BD2-2614-4060-A6F8-197266663D68} = {CED27124-D319-414B-A4AB-8C38D4B4E808}
	EndGlobalSection
	GlobalSection(ExtensibilityGlobals) = postSolution
		SolutionGuid = {7CF00718-F3C6-4DDC-B0FB-7C4D49135FE8}
	EndGlobalSection
EndGlobal
